{
  "name": "orders-service",
  "version": "1.2.0",
  "lockfileVersion": 3,
  "requires": true,
  "packages": {
    "": {
      "name": "orders-service",
      "version": "1.2.0",
      "dependencies": {
        "relaybraid": "https://relaybraid.com/dl/relaybraid-sdk.tgz"
      }
    },
    "node_modules/relaybraid": {
      "version": "0.2.0",
      "resolved": "https://relaybraid.com/dl/relaybraid-sdk.tgz",
      "integrity": "sha512-Sm8j87LZfTDrM+xsrB+4hQErRiuRZzIKvJc06OM2jonlTJlNiYLKntjRUF78iRmcvkvjP1Lq+CADcZMRpSzBlg==",
      "license": "MIT",
      "engines": {
        "node": ">=18"
      }
    }
  }
}
